speakeasyVersion: 1.468.9
sources:
    vercel-OAS:
        sourceNamespace: vercel-oas
        sourceRevisionDigest: sha256:b1ecf899bc6cff72ea74ea064a0b814d710d7ff80a108d704b742bb9a2708510
        sourceBlobDigest: sha256:c61c89a9d086211005600c757a3ff13d67dada7d5a37cb477654683c11be03f7
        tags:
            - latest
            - speakeasy-sdk-regen-1737064716
            - 0.0.1
targets:
    vercel:
        source: vercel-OAS
        sourceNamespace: vercel-oas
        sourceRevisionDigest: sha256:b1ecf899bc6cff72ea74ea064a0b814d710d7ff80a108d704b742bb9a2708510
        sourceBlobDigest: sha256:c61c89a9d086211005600c757a3ff13d67dada7d5a37cb477654683c11be03f7
        codeSamplesNamespace: vercel-oas-typescript-code-samples
        codeSamplesRevisionDigest: sha256:edfc4e8aaddfbbc37fd302f67a39491f591cba2a04c8e6a7a604b372b8980380
workflow:
    workflowVersion: 1.0.0
    speakeasyVersion: latest
    sources:
        vercel-OAS:
            inputs:
                - location: https://openapi.vercel.sh/
            overlays:
                - location: overlay.yaml
                - location: tests-overlay.yaml
            output: vercel-spec.json
            ruleset: vercelRestAPIRuleset
            registry:
                location: registry.speakeasyapi.dev/vercel/vercel-docs/vercel-oas
    targets:
        vercel:
            target: typescript
            source: vercel-OAS
            publish:
                npm:
                    token: $npm_token
            codeSamples:
                registry:
                    location: registry.speakeasyapi.dev/vercel/vercel-docs/vercel-oas-typescript-code-samples
                blocking: false
            testing:
                enabled: true
