speakeasyVersion: 1.460.6
sources:
    vercel-OAS:
        sourceNamespace: vercel-oas
        sourceRevisionDigest: sha256:89f884ef6b932849af515bfc581a672a28baedb345e2dca3997cbf590d8cddba
        sourceBlobDigest: sha256:ed2afad145ab2f50fd92a3192cfea740dd9da08a0ace088fb94a93eb916bf1f6
        tags:
            - latest
            - speakeasy-sdk-regen-1735916911
            - 0.0.1
targets:
    vercel:
        source: vercel-OAS
        sourceNamespace: vercel-oas
        sourceRevisionDigest: sha256:89f884ef6b932849af515bfc581a672a28baedb345e2dca3997cbf590d8cddba
        sourceBlobDigest: sha256:ed2afad145ab2f50fd92a3192cfea740dd9da08a0ace088fb94a93eb916bf1f6
        codeSamplesNamespace: vercel-oas-typescript-code-samples
        codeSamplesRevisionDigest: sha256:a70eefb65a4b023e978de963f4752c02924820e3514f3d3a0f89ab45a717c429
workflow:
    workflowVersion: 1.0.0
    speakeasyVersion: latest
    sources:
        vercel-OAS:
            inputs:
                - location: https://openapi.vercel.sh/
            overlays:
                - location: overlay.yaml
            output: vercel-spec.json
            ruleset: vercelRestAPIRuleset
            registry:
                location: registry.speakeasyapi.dev/vercel/vercel-docs/vercel-oas
    targets:
        vercel:
            target: typescript
            source: vercel-OAS
            publish:
                npm:
                    token: $npm_token
            codeSamples:
                registry:
                    location: registry.speakeasyapi.dev/vercel/vercel-docs/vercel-oas-typescript-code-samples
                blocking: false
